// !$*UTF8*$!
{
	archiveVersion = 1;
	classes = {
	};
	objectVersion = 50;
	objects = {

/* Begin PBXBuildFile section */
		3697C47424C9E423009A2819 /* fructusApp.swift in Sources */ = {isa = PBXBuildFile; fileRef = 3697C47324C9E423009A2819 /* fructusApp.swift */; };
		3697C47624C9E423009A2819 /* ContentView.swift in Sources */ = {isa = PBXBuildFile; fileRef = 3697C47524C9E423009A2819 /* ContentView.swift */; };
		3697C47824C9E426009A2819 /* Assets.xcassets in Resources */ = {isa = PBXBuildFile; fileRef = 3697C47724C9E426009A2819 /* Assets.xcassets */; };
		3697C47B24C9E426009A2819 /* Preview Assets.xcassets in Resources */ = {isa = PBXBuildFile; fileRef = 3697C47A24C9E426009A2819 /* Preview Assets.xcassets */; };
		3699965624CCAABF002E7116 /* FruitModel.swift in Sources */ = {isa = PBXBuildFile; fileRef = 3699965524CCAABF002E7116 /* FruitModel.swift */; };
		3699965A24CCABA4002E7116 /* FruitData.swift in Sources */ = {isa = PBXBuildFile; fileRef = 3699965924CCABA4002E7116 /* FruitData.swift */; };
		369F799124CB58FA0079182D /* WidgetKit.framework in Frameworks */ = {isa = PBXBuildFile; fileRef = 369F799024CB58FA0079182D /* WidgetKit.framework */; };
		369F799324CB58FA0079182D /* SwiftUI.framework in Frameworks */ = {isa = PBXBuildFile; fileRef = 369F799224CB58FA0079182D /* SwiftUI.framework */; };
		369F799624CB58FA0079182D /* FructusWidget.swift in Sources */ = {isa = PBXBuildFile; fileRef = 369F799524CB58FA0079182D /* FructusWidget.swift */; };
		369F799824CB58FE0079182D /* Assets.xcassets in Resources */ = {isa = PBXBuildFile; fileRef = 369F799724CB58FE0079182D /* Assets.xcassets */; };
		369F799C24CB58FE0079182D /* FructusWidgetExtension.appex in Embed App Extensions */ = {isa = PBXBuildFile; fileRef = 369F798E24CB58FA0079182D /* FructusWidgetExtension.appex */; settings = {ATTRIBUTES = (RemoveHeadersOnCopy, ); }; };
		36BE75C624CA497600551C3B /* FruitCardView.swift in Sources */ = {isa = PBXBuildFile; fileRef = 36BE75C524CA497600551C3B /* FruitCardView.swift */; };
		36BE75C824CA4F1F00551C3B /* StartButtonView.swift in Sources */ = {isa = PBXBuildFile; fileRef = 36BE75C724CA4F1F00551C3B /* StartButtonView.swift */; };
		36BE75CA24CA548D00551C3B /* OnboardingView.swift in Sources */ = {isa = PBXBuildFile; fileRef = 36BE75C924CA548D00551C3B /* OnboardingView.swift */; };
/* End PBXBuildFile section */

/* Begin PBXContainerItemProxy section */
		369F799A24CB58FE0079182D /* PBXContainerItemProxy */ = {
			isa = PBXContainerItemProxy;
			containerPortal = 3697C46824C9E423009A2819 /* Project object */;
			proxyType = 1;
			remoteGlobalIDString = 369F798D24CB58FA0079182D;
			remoteInfo = FructusWidgetExtension;
		};
/* End PBXContainerItemProxy section */

/* Begin PBXCopyFilesBuildPhase section */
		369F799D24CB58FE0079182D /* Embed App Extensions */ = {
			isa = PBXCopyFilesBuildPhase;
			buildActionMask = 2147483647;
			dstPath = "";
			dstSubfolderSpec = 13;
			files = (
				369F799C24CB58FE0079182D /* FructusWidgetExtension.appex in Embed App Extensions */,
			);
			name = "Embed App Extensions";
			runOnlyForDeploymentPostprocessing = 0;
		};
/* End PBXCopyFilesBuildPhase section */

/* Begin PBXFileReference section */
		3697C47024C9E423009A2819 /* fructus.app */ = {isa = PBXFileReference; explicitFileType = wrapper.application; includeInIndex = 0; path = fructus.app; sourceTree = BUILT_PRODUCTS_DIR; };
		3697C47324C9E423009A2819 /* fructusApp.swift */ = {isa = PBXFileReference; lastKnownFileType = sourcecode.swift; path = fructusApp.swift; sourceTree = "<group>"; };
		3697C47524C9E423009A2819 /* ContentView.swift */ = {isa = PBXFileReference; lastKnownFileType = sourcecode.swift; path = ContentView.swift; sourceTree = "<group>"; };
		3697C47724C9E426009A2819 /* Assets.xcassets */ = {isa = PBXFileReference; lastKnownFileType = folder.assetcatalog; path = Assets.xcassets; sourceTree = "<group>"; };
		3697C47A24C9E426009A2819 /* Preview Assets.xcassets */ = {isa = PBXFileReference; lastKnownFileType = folder.assetcatalog; path = "Preview Assets.xcassets"; sourceTree = "<group>"; };
		3697C47C24C9E426009A2819 /* Info.plist */ = {isa = PBXFileReference; lastKnownFileType = text.plist.xml; path = Info.plist; sourceTree = "<group>"; };
		3699965524CCAABF002E7116 /* FruitModel.swift */ = {isa = PBXFileReference; lastKnownFileType = sourcecode.swift; path = FruitModel.swift; sourceTree = "<group>"; };
		3699965924CCABA4002E7116 /* FruitData.swift */ = {isa = PBXFileReference; lastKnownFileType = sourcecode.swift; path = FruitData.swift; sourceTree = "<group>"; };
		369F798E24CB58FA0079182D /* FructusWidgetExtension.appex */ = {isa = PBXFileReference; explicitFileType = "wrapper.app-extension"; includeInIndex = 0; path = FructusWidgetExtension.appex; sourceTree = BUILT_PRODUCTS_DIR; };
		369F799024CB58FA0079182D /* WidgetKit.framework */ = {isa = PBXFileReference; lastKnownFileType = wrapper.framework; name = WidgetKit.framework; path = System/Library/Frameworks/WidgetKit.framework; sourceTree = SDKROOT; };
		369F799224CB58FA0079182D /* SwiftUI.framework */ = {isa = PBXFileReference; lastKnownFileType = wrapper.framework; name = SwiftUI.framework; path = System/Library/Frameworks/SwiftUI.framework; sourceTree = SDKROOT; };
		369F799524CB58FA0079182D /* FructusWidget.swift */ = {isa = PBXFileReference; lastKnownFileType = sourcecode.swift; path = FructusWidget.swift; sourceTree = "<group>"; };
		369F799724CB58FE0079182D /* Assets.xcassets */ = {isa = PBXFileReference; lastKnownFileType = folder.assetcatalog; path = Assets.xcassets; sourceTree = "<group>"; };
		369F799924CB58FE0079182D /* Info.plist */ = {isa = PBXFileReference; lastKnownFileType = text.plist.xml; path = Info.plist; sourceTree = "<group>"; };
		36BE75C524CA497600551C3B /* FruitCardView.swift */ = {isa = PBXFileReference; lastKnownFileType = sourcecode.swift; path = FruitCardView.swift; sourceTree = "<group>"; };
		36BE75C724CA4F1F00551C3B /* StartButtonView.swift */ = {isa = PBXFileReference; lastKnownFileType = sourcecode.swift; path = StartButtonView.swift; sourceTree = "<group>"; };
		36BE75C924CA548D00551C3B /* OnboardingView.swift */ = {isa = PBXFileReference; lastKnownFileType = sourcecode.swift; path = OnboardingView.swift; sourceTree = "<group>"; };
/* End PBXFileReference section */

/* Begin PBXFrameworksBuildPhase section */
		3697C46D24C9E423009A2819 /* Frameworks */ = {
			isa = PBXFrameworksBuildPhase;
			buildActionMask = 2147483647;
			files = (
			);
			runOnlyForDeploymentPostprocessing = 0;
		};
		369F798B24CB58FA0079182D /* Frameworks */ = {
			isa = PBXFrameworksBuildPhase;
			buildActionMask = 2147483647;
			files = (
				369F799324CB58FA0079182D /* SwiftUI.framework in Frameworks */,
				369F799124CB58FA0079182D /* WidgetKit.framework in Frameworks */,
			);
			runOnlyForDeploymentPostprocessing = 0;
		};
/* End PBXFrameworksBuildPhase section */

/* Begin PBXGroup section */
		3697C46724C9E423009A2819 = {
			isa = PBXGroup;
			children = (
				3697C47224C9E423009A2819 /* fructus */,
				369F799424CB58FA0079182D /* FructusWidget */,
				369F798F24CB58FA0079182D /* Frameworks */,
				3697C47124C9E423009A2819 /* Products */,
			);
			sourceTree = "<group>";
		};
		3697C47124C9E423009A2819 /* Products */ = {
			isa = PBXGroup;
			children = (
				3697C47024C9E423009A2819 /* fructus.app */,
				369F798E24CB58FA0079182D /* FructusWidgetExtension.appex */,
			);
			name = Products;
			sourceTree = "<group>";
		};
		3697C47224C9E423009A2819 /* fructus */ = {
			isa = PBXGroup;
			children = (
				3699965724CCAB78002E7116 /* Data */,
				3699965424CCAA98002E7116 /* Model */,
				36BE75C424CA494400551C3B /* View */,
				36BE75C324CA492400551C3B /* App */,
				3697C47724C9E426009A2819 /* Assets.xcassets */,
				3697C47924C9E426009A2819 /* Preview Content */,
				3697C47C24C9E426009A2819 /* Info.plist */,
			);
			path = fructus;
			sourceTree = "<group>";
		};
		3697C47924C9E426009A2819 /* Preview Content */ = {
			isa = PBXGroup;
			children = (
				3697C47A24C9E426009A2819 /* Preview Assets.xcassets */,
			);
			path = "Preview Content";
			sourceTree = "<group>";
		};
		3699965424CCAA98002E7116 /* Model */ = {
			isa = PBXGroup;
			children = (
				3699965524CCAABF002E7116 /* FruitModel.swift */,
			);
			path = Model;
			sourceTree = "<group>";
		};
		3699965724CCAB78002E7116 /* Data */ = {
			isa = PBXGroup;
			children = (
				3699965924CCABA4002E7116 /* FruitData.swift */,
			);
			path = Data;
			sourceTree = "<group>";
		};
		369F798F24CB58FA0079182D /* Frameworks */ = {
			isa = PBXGroup;
			children = (
				369F799024CB58FA0079182D /* WidgetKit.framework */,
				369F799224CB58FA0079182D /* SwiftUI.framework */,
			);
			name = Frameworks;
			sourceTree = "<group>";
		};
		369F799424CB58FA0079182D /* FructusWidget */ = {
			isa = PBXGroup;
			children = (
				369F799524CB58FA0079182D /* FructusWidget.swift */,
				369F799724CB58FE0079182D /* Assets.xcassets */,
				369F799924CB58FE0079182D /* Info.plist */,
			);
			path = FructusWidget;
			sourceTree = "<group>";
		};
		36BE75C324CA492400551C3B /* App */ = {
			isa = PBXGroup;
			children = (
				3697C47324C9E423009A2819 /* fructusApp.swift */,
				3697C47524C9E423009A2819 /* ContentView.swift */,
				36BE75C924CA548D00551C3B /* OnboardingView.swift */,
			);
			path = App;
			sourceTree = "<group>";
		};
		36BE75C424CA494400551C3B /* View */ = {
			isa = PBXGroup;
			children = (
				36BE75C524CA497600551C3B /* FruitCardView.swift */,
				36BE75C724CA4F1F00551C3B /* StartButtonView.swift */,
			);
			path = View;
			sourceTree = "<group>";
		};
/* End PBXGroup section */

/* Begin PBXNativeTarget section */
		3697C46F24C9E423009A2819 /* fructus */ = {
			isa = PBXNativeTarget;
			buildConfigurationList = 3697C47F24C9E426009A2819 /* Build configuration list for PBXNativeTarget "fructus" */;
			buildPhases = (
				3697C46C24C9E423009A2819 /* Sources */,
				3697C46D24C9E423009A2819 /* Frameworks */,
				3697C46E24C9E423009A2819 /* Resources */,
				369F799D24CB58FE0079182D /* Embed App Extensions */,
			);
			buildRules = (
			);
			dependencies = (
				369F799B24CB58FE0079182D /* PBXTargetDependency */,
			);
			name = fructus;
			productName = fructus;
			productReference = 3697C47024C9E423009A2819 /* fructus.app */;
			productType = "com.apple.product-type.application";
		};
		369F798D24CB58FA0079182D /* FructusWidgetExtension */ = {
			isa = PBXNativeTarget;
			buildConfigurationList = 369F79A024CB58FE0079182D /* Build configuration list for PBXNativeTarget "FructusWidgetExtension" */;
			buildPhases = (
				369F798A24CB58FA0079182D /* Sources */,
				369F798B24CB58FA0079182D /* Frameworks */,
				369F798C24CB58FA0079182D /* Resources */,
			);
			buildRules = (
			);
			dependencies = (
			);
			name = FructusWidgetExtension;
			productName = FructusWidgetExtension;
			productReference = 369F798E24CB58FA0079182D /* FructusWidgetExtension.appex */;
			productType = "com.apple.product-type.app-extension";
		};
/* End PBXNativeTarget section */

/* Begin PBXProject section */
		3697C46824C9E423009A2819 /* Project object */ = {
			isa = PBXProject;
			attributes = {
				LastSwiftUpdateCheck = 1200;
				LastUpgradeCheck = 1200;
				TargetAttributes = {
					3697C46F24C9E423009A2819 = {
						CreatedOnToolsVersion = 12.0;
					};
					369F798D24CB58FA0079182D = {
						CreatedOnToolsVersion = 12.0;
					};
				};
			};
			buildConfigurationList = 3697C46B24C9E423009A2819 /* Build configuration list for PBXProject "fructus" */;
			compatibilityVersion = "Xcode 9.3";
			developmentRegion = en;
			hasScannedForEncodings = 0;
			knownRegions = (
				en,
				Base,
			);
			mainGroup = 3697C46724C9E423009A2819;
			productRefGroup = 3697C47124C9E423009A2819 /* Products */;
			projectDirPath = "";
			projectRoot = "";
			targets = (
				3697C46F24C9E423009A2819 /* fructus */,
				369F798D24CB58FA0079182D /* FructusWidgetExtension */,
			);
		};
/* End PBXProject section */

/* Begin PBXResourcesBuildPhase section */
		3697C46E24C9E423009A2819 /* Resources */ = {
			isa = PBXResourcesBuildPhase;
			buildActionMask = 2147483647;
			files = (
				3697C47B24C9E426009A2819 /* Preview Assets.xcassets in Resources */,
				3697C47824C9E426009A2819 /* Assets.xcassets in Resources */,
			);
			runOnlyForDeploymentPostprocessing = 0;
		};
		369F798C24CB58FA0079182D /* Resources */ = {
			isa = PBXResourcesBuildPhase;
			buildActionMask = 2147483647;
			files = (
				369F799824CB58FE0079182D /* Assets.xcassets in Resources */,
			);
			runOnlyForDeploymentPostprocessing = 0;
		};
/* End PBXResourcesBuildPhase section */

/* Begin PBXSourcesBuildPhase section */
		3697C46C24C9E423009A2819 /* Sources */ = {
			isa = PBXSourcesBuildPhase;
			buildActionMask = 2147483647;
			files = (
				3699965A24CCABA4002E7116 /* FruitData.swift in Sources */,
				36BE75C624CA497600551C3B /* FruitCardView.swift in Sources */,
				36BE75C824CA4F1F00551C3B /* StartButtonView.swift in Sources */,
				3697C47624C9E423009A2819 /* ContentView.swift in Sources */,
				36BE75CA24CA548D00551C3B /* OnboardingView.swift in Sources */,
				3699965624CCAABF002E7116 /* FruitModel.swift in Sources */,
				3697C47424C9E423009A2819 /* fructusApp.swift in Sources */,
			);
			runOnlyForDeploymentPostprocessing = 0;
		};
		369F798A24CB58FA0079182D /* Sources */ = {
			isa = PBXSourcesBuildPhase;
			buildActionMask = 2147483647;
			files = (
				369F799624CB58FA0079182D /* FructusWidget.swift in Sources */,
			);
			runOnlyForDeploymentPostprocessing = 0;
		};
/* End PBXSourcesBuildPhase section */

/* Begin PBXTargetDependency section */
		369F799B24CB58FE0079182D /* PBXTargetDependency */ = {
			isa = PBXTargetDependency;
			target = 369F798D24CB58FA0079182D /* FructusWidgetExtension */;
			targetProxy = 369F799A24CB58FE0079182D /* PBXContainerItemProxy */;
		};
/* End PBXTargetDependency section */

/* Begin XCBuildConfiguration section */
		3697C47D24C9E426009A2819 /* Debug */ = {
			isa = XCBuildConfiguration;
			buildSettings = {
				ALWAYS_SEARCH_USER_PATHS = NO;
				CLANG_ANALYZER_NONNULL = YES;
				CLANG_ANALYZER_NUMBER_OBJECT_CONVERSION = YES_AGGRESSIVE;
				CLANG_CXX_LANGUAGE_STANDARD = "gnu++14";
				CLANG_CXX_LIBRARY = "libc++";
				CLANG_ENABLE_MODULES = YES;
				CLANG_ENABLE_OBJC_ARC = YES;
				CLANG_ENABLE_OBJC_WEAK = YES;
				CLANG_WARN_BLOCK_CAPTURE_AUTORELEASING = YES;
				CLANG_WARN_BOOL_CONVERSION = YES;
				CLANG_WARN_COMMA = YES;
				CLANG_WARN_CONSTANT_CONVERSION = YES;
				CLANG_WARN_DEPRECATED_OBJC_IMPLEMENTATIONS = YES;
				CLANG_WARN_DIRECT_OBJC_ISA_USAGE = YES_ERROR;
				CLANG_WARN_DOCUMENTATION_COMMENTS = YES;
				CLANG_WARN_EMPTY_BODY = YES;
				CLANG_WARN_ENUM_CONVERSION = YES;
				CLANG_WARN_INFINITE_RECURSION = YES;
				CLANG_WARN_INT_CONVERSION = YES;
				CLANG_WARN_NON_LITERAL_NULL_CONVERSION = YES;
				CLANG_WARN_OBJC_IMPLICIT_RETAIN_SELF = YES;
				CLANG_WARN_OBJC_LITERAL_CONVERSION = YES;
				CLANG_WARN_OBJC_ROOT_CLASS = YES_ERROR;
				CLANG_WARN_QUOTED_INCLUDE_IN_FRAMEWORK_HEADER = YES;
				CLANG_WARN_RANGE_LOOP_ANALYSIS = YES;
				CLANG_WARN_STRICT_PROTOTYPES = YES;
				CLANG_WARN_SUSPICIOUS_MOVE = YES;
				CLANG_WARN_UNGUARDED_AVAILABILITY = YES_AGGRESSIVE;
				CLANG_WARN_UNREACHABLE_CODE = YES;
				CLANG_WARN__DUPLICATE_METHOD_MATCH = YES;
				COPY_PHASE_STRIP = NO;
				DEBUG_INFORMATION_FORMAT = dwarf;
				ENABLE_STRICT_OBJC_MSGSEND = YES;
				ENABLE_TESTABILITY = YES;
				GCC_C_LANGUAGE_STANDARD = gnu11;
				GCC_DYNAMIC_NO_PIC = NO;
				GCC_NO_COMMON_BLOCKS = YES;
				GCC_OPTIMIZATION_LEVEL = 0;
				GCC_PREPROCESSOR_DEFINITIONS = (
					"DEBUG=1",
					"$(inherited)",
				);
				GCC_WARN_64_TO_32_BIT_CONVERSION = YES;
				GCC_WARN_ABOUT_RETURN_TYPE = YES_ERROR;
				GCC_WARN_UNDECLARED_SELECTOR = YES;
				GCC_WARN_UNINITIALIZED_AUTOS = YES_AGGRESSIVE;
				GCC_WARN_UNUSED_FUNCTION = YES;
				GCC_WARN_UNUSED_VARIABLE = YES;
				IPHONEOS_DEPLOYMENT_TARGET = 14.0;
				MTL_ENABLE_DEBUG_INFO = INCLUDE_SOURCE;
				MTL_FAST_MATH = YES;
				ONLY_ACTIVE_ARCH = YES;
				SDKROOT = iphoneos;
				SWIFT_ACTIVE_COMPILATION_CONDITIONS = DEBUG;
				SWIFT_OPTIMIZATION_LEVEL = "-Onone";
			};
			name = Debug;
		};
		3697C47E24C9E426009A2819 /* Release */ = {
			isa = XCBuildConfiguration;
			buildSettings = {
				ALWAYS_SEARCH_USER_PATHS = NO;
				CLANG_ANALYZER_NONNULL = YES;
				CLANG_ANALYZER_NUMBER_OBJECT_CONVERSION = YES_AGGRESSIVE;
				CLANG_CXX_LANGUAGE_STANDARD = "gnu++14";
				CLANG_CXX_LIBRARY = "libc++";
				CLANG_ENABLE_MODULES = YES;
				CLANG_ENABLE_OBJC_ARC = YES;
				CLANG_ENABLE_OBJC_WEAK = YES;
				CLANG_WARN_BLOCK_CAPTURE_AUTORELEASING = YES;
				CLANG_WARN_BOOL_CONVERSION = YES;
				CLANG_WARN_COMMA = YES;
				CLANG_WARN_CONSTANT_CONVERSION = YES;
				CLANG_WARN_DEPRECATED_OBJC_IMPLEMENTATIONS = YES;
				CLANG_WARN_DIRECT_OBJC_ISA_USAGE = YES_ERROR;
				CLANG_WARN_DOCUMENTATION_COMMENTS = YES;
				CLANG_WARN_EMPTY_BODY = YES;
				CLANG_WARN_ENUM_CONVERSION = YES;
				CLANG_WARN_INFINITE_RECURSION = YES;
				CLANG_WARN_INT_CONVERSION = YES;
				CLANG_WARN_NON_LITERAL_NULL_CONVERSION = YES;
				CLANG_WARN_OBJC_IMPLICIT_RETAIN_SELF = YES;
				CLANG_WARN_OBJC_LITERAL_CONVERSION = YES;
				CLANG_WARN_OBJC_ROOT_CLASS = YES_ERROR;
				CLANG_WARN_QUOTED_INCLUDE_IN_FRAMEWORK_HEADER = YES;
				CLANG_WARN_RANGE_LOOP_ANALYSIS = YES;
				CLANG_WARN_STRICT_PROTOTYPES = YES;
				CLANG_WARN_SUSPICIOUS_MOVE = YES;
				CLANG_WARN_UNGUARDED_AVAILABILITY = YES_AGGRESSIVE;
				CLANG_WARN_UNREACHABLE_CODE = YES;
				CLANG_WARN__DUPLICATE_METHOD_MATCH = YES;
				COPY_PHASE_STRIP = NO;
				DEBUG_INFORMATION_FORMAT = "dwarf-with-dsym";
				ENABLE_NS_ASSERTIONS = NO;
				ENABLE_STRICT_OBJC_MSGSEND = YES;
				GCC_C_LANGUAGE_STANDARD = gnu11;
				GCC_NO_COMMON_BLOCKS = YES;
				GCC_WARN_64_TO_32_BIT_CONVERSION = YES;
				GCC_WARN_ABOUT_RETURN_TYPE = YES_ERROR;
				GCC_WARN_UNDECLARED_SELECTOR = YES;
				GCC_WARN_UNINITIALIZED_AUTOS = YES_AGGRESSIVE;
				GCC_WARN_UNUSED_FUNCTION = YES;
				GCC_WARN_UNUSED_VARIABLE = YES;
				IPHONEOS_DEPLOYMENT_TARGET = 14.0;
				MTL_ENABLE_DEBUG_INFO = NO;
				MTL_FAST_MATH = YES;
				SDKROOT = iphoneos;
				SWIFT_COMPILATION_MODE = wholemodule;
				SWIFT_OPTIMIZATION_LEVEL = "-O";
				VALIDATE_PRODUCT = YES;
			};
			name = Release;
		};
		3697C48024C9E426009A2819 /* Debug */ = {
			isa = XCBuildConfiguration;
			buildSettings = {
				ALWAYS_EMBED_SWIFT_STANDARD_LIBRARIES = YES;
				ASSETCATALOG_COMPILER_APPICON_NAME = AppIcon;
				ASSETCATALOG_COMPILER_GLOBAL_ACCENT_COLOR_NAME = AccentColor;
				CODE_SIGN_STYLE = Automatic;
				DEVELOPMENT_ASSET_PATHS = "\"fructus/Preview Content\"";
				ENABLE_PREVIEWS = YES;
				INFOPLIST_FILE = fructus/Info.plist;
				IPHONEOS_DEPLOYMENT_TARGET = 14.0;
				LD_RUNPATH_SEARCH_PATHS = (
					"$(inherited)",
					"@executable_path/Frameworks",
				);
				PRODUCT_BUNDLE_IDENTIFIER = com.anathayna.fructus;
				PRODUCT_NAME = "$(TARGET_NAME)";
				SWIFT_VERSION = 5.0;
				TARGETED_DEVICE_FAMILY = "1,2";
			};
			name = Debug;
		};
		3697C48124C9E426009A2819 /* Release */ = {
			isa = XCBuildConfiguration;
			buildSettings = {
				ALWAYS_EMBED_SWIFT_STANDARD_LIBRARIES = YES;
				ASSETCATALOG_COMPILER_APPICON_NAME = AppIcon;
				ASSETCATALOG_COMPILER_GLOBAL_ACCENT_COLOR_NAME = AccentColor;
				CODE_SIGN_STYLE = Automatic;
				DEVELOPMENT_ASSET_PATHS = "\"fructus/Preview Content\"";
				ENABLE_PREVIEWS = YES;
				INFOPLIST_FILE = fructus/Info.plist;
				IPHONEOS_DEPLOYMENT_TARGET = 14.0;
				LD_RUNPATH_SEARCH_PATHS = (
					"$(inherited)",
					"@executable_path/Frameworks",
				);
				PRODUCT_BUNDLE_IDENTIFIER = com.anathayna.fructus;
				PRODUCT_NAME = "$(TARGET_NAME)";
				SWIFT_VERSION = 5.0;
				TARGETED_DEVICE_FAMILY = "1,2";
			};
			name = Release;
		};
		369F799E24CB58FE0079182D /* Debug */ = {
			isa = XCBuildConfiguration;
			buildSettings = {
				ASSETCATALOG_COMPILER_GLOBAL_ACCENT_COLOR_NAME = AccentColor;
				ASSETCATALOG_COMPILER_WIDGET_BACKGROUND_COLOR_NAME = WidgetBackground;
				CODE_SIGN_STYLE = Automatic;
				INFOPLIST_FILE = FructusWidget/Info.plist;
				LD_RUNPATH_SEARCH_PATHS = (
					"$(inherited)",
					"@executable_path/Frameworks",
					"@executable_path/../../Frameworks",
				);
				PRODUCT_BUNDLE_IDENTIFIER = com.anathayna.fructus.FructusWidget;
				PRODUCT_NAME = "$(TARGET_NAME)";
				SKIP_INSTALL = YES;
				SWIFT_VERSION = 5.0;
				TARGETED_DEVICE_FAMILY = "1,2";
			};
			name = Debug;
		};
		369F799F24CB58FE0079182D /* Release */ = {
			isa = XCBuildConfiguration;
			buildSettings = {
				ASSETCATALOG_COMPILER_GLOBAL_ACCENT_COLOR_NAME = AccentColor;
				ASSETCATALOG_COMPILER_WIDGET_BACKGROUND_COLOR_NAME = WidgetBackground;
				CODE_SIGN_STYLE = Automatic;
				INFOPLIST_FILE = FructusWidget/Info.plist;
				LD_RUNPATH_SEARCH_PATHS = (
					"$(inherited)",
					"@executable_path/Frameworks",
					"@executable_path/../../Frameworks",
				);
				PRODUCT_BUNDLE_IDENTIFIER = com.anathayna.fructus.FructusWidget;
				PRODUCT_NAME = "$(TARGET_NAME)";
				SKIP_INSTALL = YES;
				SWIFT_VERSION = 5.0;
				TARGETED_DEVICE_FAMILY = "1,2";
			};
			name = Release;
		};
/* End XCBuildConfiguration section */

/* Begin XCConfigurationList section */
		3697C46B24C9E423009A2819 /* Build configuration list for PBXProject "fructus" */ = {
			isa = XCConfigurationList;
			buildConfigurations = (
				3697C47D24C9E426009A2819 /* Debug */,
				3697C47E24C9E426009A2819 /* Release */,
			);
			defaultConfigurationIsVisible = 0;
			defaultConfigurationName = Release;
		};
		3697C47F24C9E426009A2819 /* Build configuration list for PBXNativeTarget "fructus" */ = {
			isa = XCConfigurationList;
			buildConfigurations = (
				3697C48024C9E426009A2819 /* Debug */,
				3697C48124C9E426009A2819 /* Release */,
			);
			defaultConfigurationIsVisible = 0;
			defaultConfigurationName = Release;
		};
		369F79A024CB58FE0079182D /* Build configuration list for PBXNativeTarget "FructusWidgetExtension" */ = {
			isa = XCConfigurationList;
			buildConfigurations = (
				369F799E24CB58FE0079182D /* Debug */,
				369F799F24CB58FE0079182D /* Release */,
			);
			defaultConfigurationIsVisible = 0;
			defaultConfigurationName = Release;
		};
/* End XCConfigurationList section */
	};
	rootObject = 3697C46824C9E423009A2819 /* Project object */;
}
